// !$*UTF8*$!
{
	archiveVersion = 1;
	classes = {
	};
	objectVersion = 50;
	objects = {

/* Begin PBXBuildFile section */
		3E66A4CB52FC5D0FEB20F56C /* Pods_eShop.framework in Frameworks */ = {isa = PBXBuildFile; fileRef = A997B87F7475061F95418CE3 /* Pods_eShop.framework */; };
		9096758E2428519A001DA391 /* AppDelegate.swift in Sources */ = {isa = PBXBuildFile; fileRef = 9096758D2428519A001DA391 /* AppDelegate.swift */; };
		909675902428519A001DA391 /* ViewController.swift in Sources */ = {isa = PBXBuildFile; fileRef = 9096758F2428519A001DA391 /* ViewController.swift */; };
		909675932428519A001DA391 /* Main.storyboard in Resources */ = {isa = PBXBuildFile; fileRef = 909675912428519A001DA391 /* Main.storyboard */; };
		909675952428519E001DA391 /* Assets.xcassets in Resources */ = {isa = PBXBuildFile; fileRef = 909675942428519E001DA391 /* Assets.xcassets */; };
		909675982428519E001DA391 /* LaunchScreen.storyboard in Resources */ = {isa = PBXBuildFile; fileRef = 909675962428519E001DA391 /* LaunchScreen.storyboard */; };
		909675A6242852DD001DA391 /* AppDelegate.swift in Sources */ = {isa = PBXBuildFile; fileRef = 909675A5242852DD001DA391 /* AppDelegate.swift */; };
		909675A8242852DD001DA391 /* ViewController.swift in Sources */ = {isa = PBXBuildFile; fileRef = 909675A7242852DD001DA391 /* ViewController.swift */; };
		909675AB242852DD001DA391 /* Main.storyboard in Resources */ = {isa = PBXBuildFile; fileRef = 909675A9242852DD001DA391 /* Main.storyboard */; };
		909675B0242852E0001DA391 /* LaunchScreen.storyboard in Resources */ = {isa = PBXBuildFile; fileRef = 909675AE242852E0001DA391 /* LaunchScreen.storyboard */; };
		909675B624285355001DA391 /* Assets.xcassets in Resources */ = {isa = PBXBuildFile; fileRef = 909675942428519E001DA391 /* Assets.xcassets */; };
		909675B824285681001DA391 /* LoginStoryboard.storyboard in Resources */ = {isa = PBXBuildFile; fileRef = 909675B724285681001DA391 /* LoginStoryboard.storyboard */; };
		98864F1F06E544CBF69B7609 /* Pods_eShopAdmin.framework in Frameworks */ = {isa = PBXBuildFile; fileRef = 8391D918D46888ABAB6C164F /* Pods_eShopAdmin.framework */; };
/* End PBXBuildFile section */

/* Begin PBXFileReference section */
		19FE6E27E8B1E65A57384FB7 /* Pods-eShop.release.xcconfig */ = {isa = PBXFileReference; includeInIndex = 1; lastKnownFileType = text.xcconfig; name = "Pods-eShop.release.xcconfig"; path = "Target Support Files/Pods-eShop/Pods-eShop.release.xcconfig"; sourceTree = "<group>"; };
		448E79D70A9D4E464179FAFD /* Pods-eShopAdmin.debug.xcconfig */ = {isa = PBXFileReference; includeInIndex = 1; lastKnownFileType = text.xcconfig; name = "Pods-eShopAdmin.debug.xcconfig"; path = "Target Support Files/Pods-eShopAdmin/Pods-eShopAdmin.debug.xcconfig"; sourceTree = "<group>"; };
		8391D918D46888ABAB6C164F /* Pods_eShopAdmin.framework */ = {isa = PBXFileReference; explicitFileType = wrapper.framework; includeInIndex = 0; path = Pods_eShopAdmin.framework; sourceTree = BUILT_PRODUCTS_DIR; };
		8B48174190C3298C6813B2F9 /* Pods-eShopAdmin.release.xcconfig */ = {isa = PBXFileReference; includeInIndex = 1; lastKnownFileType = text.xcconfig; name = "Pods-eShopAdmin.release.xcconfig"; path = "Target Support Files/Pods-eShopAdmin/Pods-eShopAdmin.release.xcconfig"; sourceTree = "<group>"; };
		9096758A2428519A001DA391 /* eShop.app */ = {isa = PBXFileReference; explicitFileType = wrapper.application; includeInIndex = 0; path = eShop.app; sourceTree = BUILT_PRODUCTS_DIR; };
		9096758D2428519A001DA391 /* AppDelegate.swift */ = {isa = PBXFileReference; lastKnownFileType = sourcecode.swift; path = AppDelegate.swift; sourceTree = "<group>"; };
		9096758F2428519A001DA391 /* ViewController.swift */ = {isa = PBXFileReference; lastKnownFileType = sourcecode.swift; path = ViewController.swift; sourceTree = "<group>"; };
		909675922428519A001DA391 /* Base */ = {isa = PBXFileReference; lastKnownFileType = file.storyboard; name = Base; path = Base.lproj/Main.storyboard; sourceTree = "<group>"; };
		909675942428519E001DA391 /* Assets.xcassets */ = {isa = PBXFileReference; lastKnownFileType = folder.assetcatalog; path = Assets.xcassets; sourceTree = "<group>"; };
		909675972428519E001DA391 /* Base */ = {isa = PBXFileReference; lastKnownFileType = file.storyboard; name = Base; path = Base.lproj/LaunchScreen.storyboard; sourceTree = "<group>"; };
		909675992428519E001DA391 /* Info.plist */ = {isa = PBXFileReference; lastKnownFileType = text.plist.xml; path = Info.plist; sourceTree = "<group>"; };
		909675A3242852DD001DA391 /* eShopAdmin.app */ = {isa = PBXFileReference; explicitFileType = wrapper.application; includeInIndex = 0; path = eShopAdmin.app; sourceTree = BUILT_PRODUCTS_DIR; };
		909675A5242852DD001DA391 /* AppDelegate.swift */ = {isa = PBXFileReference; lastKnownFileType = sourcecode.swift; path = AppDelegate.swift; sourceTree = "<group>"; };
		909675A7242852DD001DA391 /* ViewController.swift */ = {isa = PBXFileReference; lastKnownFileType = sourcecode.swift; path = ViewController.swift; sourceTree = "<group>"; };
		909675AA242852DD001DA391 /* Base */ = {isa = PBXFileReference; lastKnownFileType = file.storyboard; name = Base; path = Base.lproj/Main.storyboard; sourceTree = "<group>"; };
		909675AF242852E0001DA391 /* Base */ = {isa = PBXFileReference; lastKnownFileType = file.storyboard; name = Base; path = Base.lproj/LaunchScreen.storyboard; sourceTree = "<group>"; };
		909675B1242852E0001DA391 /* Info.plist */ = {isa = PBXFileReference; lastKnownFileType = text.plist.xml; path = Info.plist; sourceTree = "<group>"; };
		909675B724285681001DA391 /* LoginStoryboard.storyboard */ = {isa = PBXFileReference; lastKnownFileType = file.storyboard; path = LoginStoryboard.storyboard; sourceTree = "<group>"; };
		A997B87F7475061F95418CE3 /* Pods_eShop.framework */ = {isa = PBXFileReference; explicitFileType = wrapper.framework; includeInIndex = 0; path = Pods_eShop.framework; sourceTree = BUILT_PRODUCTS_DIR; };
		D1C3D32F69D82CF68A38E3F8 /* Pods-eShop.debug.xcconfig */ = {isa = PBXFileReference; includeInIndex = 1; lastKnownFileType = text.xcconfig; name = "Pods-eShop.debug.xcconfig"; path = "Target Support Files/Pods-eShop/Pods-eShop.debug.xcconfig"; sourceTree = "<group>"; };
/* End PBXFileReference section */

/* Begin PBXFrameworksBuildPhase section */
		909675872428519A001DA391 /* Frameworks */ = {
			isa = PBXFrameworksBuildPhase;
			buildActionMask = 2147483647;
			files = (
				3E66A4CB52FC5D0FEB20F56C /* Pods_eShop.framework in Frameworks */,
			);
			runOnlyForDeploymentPostprocessing = 0;
		};
		909675A0242852DD001DA391 /* Frameworks */ = {
			isa = PBXFrameworksBuildPhase;
			buildActionMask = 2147483647;
			files = (
				98864F1F06E544CBF69B7609 /* Pods_eShopAdmin.framework in Frameworks */,
			);
			runOnlyForDeploymentPostprocessing = 0;
		};
/* End PBXFrameworksBuildPhase section */

/* Begin PBXGroup section */
		2D802EFB72EFB69ECF67F072 /* Frameworks */ = {
			isa = PBXGroup;
			children = (
				A997B87F7475061F95418CE3 /* Pods_eShop.framework */,
				8391D918D46888ABAB6C164F /* Pods_eShopAdmin.framework */,
			);
			name = Frameworks;
			sourceTree = "<group>";
		};
		9096758124285199001DA391 = {
			isa = PBXGroup;
			children = (
				909675B524285330001DA391 /* Shared */,
				9096758C2428519A001DA391 /* eShop */,
				909675A4242852DD001DA391 /* eShopAdmin */,
				9096758B2428519A001DA391 /* Products */,
				CD78CA086F3DF2AF5B8362CB /* Pods */,
				2D802EFB72EFB69ECF67F072 /* Frameworks */,
			);
			sourceTree = "<group>";
		};
		9096758B2428519A001DA391 /* Products */ = {
			isa = PBXGroup;
			children = (
				9096758A2428519A001DA391 /* eShop.app */,
				909675A3242852DD001DA391 /* eShopAdmin.app */,
			);
			name = Products;
			sourceTree = "<group>";
		};
		9096758C2428519A001DA391 /* eShop */ = {
			isa = PBXGroup;
			children = (
				9096758D2428519A001DA391 /* AppDelegate.swift */,
				9096758F2428519A001DA391 /* ViewController.swift */,
				909675B724285681001DA391 /* LoginStoryboard.storyboard */,
				909675912428519A001DA391 /* Main.storyboard */,
				909675962428519E001DA391 /* LaunchScreen.storyboard */,
				909675992428519E001DA391 /* Info.plist */,
			);
			path = eShop;
			sourceTree = "<group>";
		};
		909675A4242852DD001DA391 /* eShopAdmin */ = {
			isa = PBXGroup;
			children = (
				909675A5242852DD001DA391 /* AppDelegate.swift */,
				909675A7242852DD001DA391 /* ViewController.swift */,
				909675A9242852DD001DA391 /* Main.storyboard */,
				909675AE242852E0001DA391 /* LaunchScreen.storyboard */,
				909675B1242852E0001DA391 /* Info.plist */,
			);
			path = eShopAdmin;
			sourceTree = "<group>";
		};
		909675B524285330001DA391 /* Shared */ = {
			isa = PBXGroup;
			children = (
				909675942428519E001DA391 /* Assets.xcassets */,
			);
			path = Shared;
			sourceTree = "<group>";
		};
		CD78CA086F3DF2AF5B8362CB /* Pods */ = {
			isa = PBXGroup;
			children = (
				D1C3D32F69D82CF68A38E3F8 /* Pods-eShop.debug.xcconfig */,
				19FE6E27E8B1E65A57384FB7 /* Pods-eShop.release.xcconfig */,
				448E79D70A9D4E464179FAFD /* Pods-eShopAdmin.debug.xcconfig */,
				8B48174190C3298C6813B2F9 /* Pods-eShopAdmin.release.xcconfig */,
			);
			name = Pods;
			path = Pods;
			sourceTree = "<group>";
		};
/* End PBXGroup section */

/* Begin PBXNativeTarget section */
		909675892428519A001DA391 /* eShop */ = {
			isa = PBXNativeTarget;
			buildConfigurationList = 9096759C2428519E001DA391 /* Build configuration list for PBXNativeTarget "eShop" */;
			buildPhases = (
				37E3C60604A50F13ADD3BD19 /* [CP] Check Pods Manifest.lock */,
				909675862428519A001DA391 /* Sources */,
				909675872428519A001DA391 /* Frameworks */,
				909675882428519A001DA391 /* Resources */,
				91C7AB990BFCBE8AF32ADD99 /* [CP] Embed Pods Frameworks */,
			);
			buildRules = (
			);
			dependencies = (
			);
			name = eShop;
			productName = eShop;
			productReference = 9096758A2428519A001DA391 /* eShop.app */;
			productType = "com.apple.product-type.application";
		};
		909675A2242852DD001DA391 /* eShopAdmin */ = {
			isa = PBXNativeTarget;
			buildConfigurationList = 909675B2242852E0001DA391 /* Build configuration list for PBXNativeTarget "eShopAdmin" */;
			buildPhases = (
				B0A42905FFD2C73B7B695326 /* [CP] Check Pods Manifest.lock */,
				9096759F242852DD001DA391 /* Sources */,
				909675A0242852DD001DA391 /* Frameworks */,
				909675A1242852DD001DA391 /* Resources */,
				6C5B34F4E0E3878233469B3C /* [CP] Embed Pods Frameworks */,
			);
			buildRules = (
			);
			dependencies = (
			);
			name = eShopAdmin;
			productName = eShopAdmin;
			productReference = 909675A3242852DD001DA391 /* eShopAdmin.app */;
			productType = "com.apple.product-type.application";
		};
/* End PBXNativeTarget section */

/* Begin PBXProject section */
		909675822428519A001DA391 /* Project object */ = {
			isa = PBXProject;
			attributes = {
				LastSwiftUpdateCheck = 1030;
				LastUpgradeCheck = 1030;
				ORGANIZATIONNAME = "Xi Apps";
				TargetAttributes = {
					909675892428519A001DA391 = {
						CreatedOnToolsVersion = 10.3;
					};
					909675A2242852DD001DA391 = {
						CreatedOnToolsVersion = 10.3;
					};
				};
			};
			buildConfigurationList = 909675852428519A001DA391 /* Build configuration list for PBXProject "eShop" */;
			compatibilityVersion = "Xcode 9.3";
			developmentRegion = en;
			hasScannedForEncodings = 0;
			knownRegions = (
				en,
				Base,
			);
			mainGroup = 9096758124285199001DA391;
			productRefGroup = 9096758B2428519A001DA391 /* Products */;
			projectDirPath = "";
			projectRoot = "";
			targets = (
				909675892428519A001DA391 /* eShop */,
				909675A2242852DD001DA391 /* eShopAdmin */,
			);
		};
/* End PBXProject section */

/* Begin PBXResourcesBuildPhase section */
		909675882428519A001DA391 /* Resources */ = {
			isa = PBXResourcesBuildPhase;
			buildActionMask = 2147483647;
			files = (
				909675982428519E001DA391 /* LaunchScreen.storyboard in Resources */,
				909675952428519E001DA391 /* Assets.xcassets in Resources */,
				909675932428519A001DA391 /* Main.storyboard in Resources */,
				909675B824285681001DA391 /* LoginStoryboard.storyboard in Resources */,
			);
			runOnlyForDeploymentPostprocessing = 0;
		};
		909675A1242852DD001DA391 /* Resources */ = {
			isa = PBXResourcesBuildPhase;
			buildActionMask = 2147483647;
			files = (
				909675B0242852E0001DA391 /* LaunchScreen.storyboard in Resources */,
				909675B624285355001DA391 /* Assets.xcassets in Resources */,
				909675AB242852DD001DA391 /* Main.storyboard in Resources */,
			);
			runOnlyForDeploymentPostprocessing = 0;
		};
/* End PBXResourcesBuildPhase section */

/* Begin PBXShellScriptBuildPhase section */
		37E3C60604A50F13ADD3BD19 /* [CP] Check Pods Manifest.lock */ = {
			isa = PBXShellScriptBuildPhase;
			buildActionMask = 2147483647;
			files = (
			);
			inputFileListPaths = (
			);
			inputPaths = (
				"${PODS_PODFILE_DIR_PATH}/Podfile.lock",
				"${PODS_ROOT}/Manifest.lock",
			);
			name = "[CP] Check Pods Manifest.lock";
			outputFileListPaths = (
			);
			outputPaths = (
				"$(DERIVED_FILE_DIR)/Pods-eShop-checkManifestLockResult.txt",
			);
			runOnlyForDeploymentPostprocessing = 0;
			shellPath = /bin/sh;
			shellScript = "diff \"${PODS_PODFILE_DIR_PATH}/Podfile.lock\" \"${PODS_ROOT}/Manifest.lock\" > /dev/null\nif [ $? != 0 ] ; then\n    # print error to STDERR\n    echo \"error: The sandbox is not in sync with the Podfile.lock. Run 'pod install' or update your CocoaPods installation.\" >&2\n    exit 1\nfi\n# This output is used by Xcode 'outputs' to avoid re-running this script phase.\necho \"SUCCESS\" > \"${SCRIPT_OUTPUT_FILE_0}\"\n";
			showEnvVarsInLog = 0;
		};
		6C5B34F4E0E3878233469B3C /* [CP] Embed Pods Frameworks */ = {
			isa = PBXShellScriptBuildPhase;
			buildActionMask = 2147483647;
			files = (
			);
			inputFileListPaths = (
				"${PODS_ROOT}/Target Support Files/Pods-eShopAdmin/Pods-eShopAdmin-frameworks-${CONFIGURATION}-input-files.xcfilelist",
			);
			name = "[CP] Embed Pods Frameworks";
			outputFileListPaths = (
				"${PODS_ROOT}/Target Support Files/Pods-eShopAdmin/Pods-eShopAdmin-frameworks-${CONFIGURATION}-output-files.xcfilelist",
			);
			runOnlyForDeploymentPostprocessing = 0;
			shellPath = /bin/sh;
			shellScript = "\"${PODS_ROOT}/Target Support Files/Pods-eShopAdmin/Pods-eShopAdmin-frameworks.sh\"\n";
			showEnvVarsInLog = 0;
		};
		91C7AB990BFCBE8AF32ADD99 /* [CP] Embed Pods Frameworks */ = {
			isa = PBXShellScriptBuildPhase;
			buildActionMask = 2147483647;
			files = (
			);
			inputFileListPaths = (
				"${PODS_ROOT}/Target Support Files/Pods-eShop/Pods-eShop-frameworks-${CONFIGURATION}-input-files.xcfilelist",
			);
			name = "[CP] Embed Pods Frameworks";
			outputFileListPaths = (
				"${PODS_ROOT}/Target Support Files/Pods-eShop/Pods-eShop-frameworks-${CONFIGURATION}-output-files.xcfilelist",
			);
			runOnlyForDeploymentPostprocessing = 0;
			shellPath = /bin/sh;
			shellScript = "\"${PODS_ROOT}/Target Support Files/Pods-eShop/Pods-eShop-frameworks.sh\"\n";
			showEnvVarsInLog = 0;
		};
		B0A42905FFD2C73B7B695326 /* [CP] Check Pods Manifest.lock */ = {
			isa = PBXShellScriptBuildPhase;
			buildActionMask = 2147483647;
			files = (
			);
			inputFileListPaths = (
			);
			inputPaths = (
				"${PODS_PODFILE_DIR_PATH}/Podfile.lock",
				"${PODS_ROOT}/Manifest.lock",
			);
			name = "[CP] Check Pods Manifest.lock";
			outputFileListPaths = (
			);
			outputPaths = (
				"$(DERIVED_FILE_DIR)/Pods-eShopAdmin-checkManifestLockResult.txt",
			);
			runOnlyForDeploymentPostprocessing = 0;
			shellPath = /bin/sh;
			shellScript = "diff \"${PODS_PODFILE_DIR_PATH}/Podfile.lock\" \"${PODS_ROOT}/Manifest.lock\" > /dev/null\nif [ $? != 0 ] ; then\n    # print error to STDERR\n    echo \"error: The sandbox is not in sync with the Podfile.lock. Run 'pod install' or update your CocoaPods installation.\" >&2\n    exit 1\nfi\n# This output is used by Xcode 'outputs' to avoid re-running this script phase.\necho \"SUCCESS\" > \"${SCRIPT_OUTPUT_FILE_0}\"\n";
			showEnvVarsInLog = 0;
		};
/* End PBXShellScriptBuildPhase section */

/* Begin PBXSourcesBuildPhase section */
		909675862428519A001DA391 /* Sources */ = {
			isa = PBXSourcesBuildPhase;
			buildActionMask = 2147483647;
			files = (
				909675902428519A001DA391 /* ViewController.swift in Sources */,
				9096758E2428519A001DA391 /* AppDelegate.swift in Sources */,
			);
			runOnlyForDeploymentPostprocessing = 0;
		};
		9096759F242852DD001DA391 /* Sources */ = {
			isa = PBXSourcesBuildPhase;
			buildActionMask = 2147483647;
			files = (
				909675A8242852DD001DA391 /* ViewController.swift in Sources */,
				909675A6242852DD001DA391 /* AppDelegate.swift in Sources */,
			);
			runOnlyForDeploymentPostprocessing = 0;
		};
/* End PBXSourcesBuildPhase section */

/* Begin PBXVariantGroup section */
		909675912428519A001DA391 /* Main.storyboard */ = {
			isa = PBXVariantGroup;
			children = (
				909675922428519A001DA391 /* Base */,
			);
			name = Main.storyboard;
			sourceTree = "<group>";
		};
		909675962428519E001DA391 /* LaunchScreen.storyboard */ = {
			isa = PBXVariantGroup;
			children = (
				909675972428519E001DA391 /* Base */,
			);
			name = LaunchScreen.storyboard;
			sourceTree = "<group>";
		};
		909675A9242852DD001DA391 /* Main.storyboard */ = {
			isa = PBXVariantGroup;
			children = (
				909675AA242852DD001DA391 /* Base */,
			);
			name = Main.storyboard;
			sourceTree = "<group>";
		};
		909675AE242852E0001DA391 /* LaunchScreen.storyboard */ = {
			isa = PBXVariantGroup;
			children = (
				909675AF242852E0001DA391 /* Base */,
			);
			name = LaunchScreen.storyboard;
			sourceTree = "<group>";
		};
/* End PBXVariantGroup section */

/* Begin XCBuildConfiguration section */
		9096759A2428519E001DA391 /* Debug */ = {
			isa = XCBuildConfiguration;
			buildSettings = {
				ALWAYS_SEARCH_USER_PATHS = NO;
				CLANG_ANALYZER_NONNULL = YES;
				CLANG_ANALYZER_NUMBER_OBJECT_CONVERSION = YES_AGGRESSIVE;
				CLANG_CXX_LANGUAGE_STANDARD = "gnu++14";
				CLANG_CXX_LIBRARY = "libc++";
				CLANG_ENABLE_MODULES = YES;
				CLANG_ENABLE_OBJC_ARC = YES;
				CLANG_ENABLE_OBJC_WEAK = YES;
				CLANG_WARN_BLOCK_CAPTURE_AUTORELEASING = YES;
				CLANG_WARN_BOOL_CONVERSION = YES;
				CLANG_WARN_COMMA = YES;
				CLANG_WARN_CONSTANT_CONVERSION = YES;
				CLANG_WARN_DEPRECATED_OBJC_IMPLEMENTATIONS = YES;
				CLANG_WARN_DIRECT_OBJC_ISA_USAGE = YES_ERROR;
				CLANG_WARN_DOCUMENTATION_COMMENTS = YES;
				CLANG_WARN_EMPTY_BODY = YES;
				CLANG_WARN_ENUM_CONVERSION = YES;
				CLANG_WARN_INFINITE_RECURSION = YES;
				CLANG_WARN_INT_CONVERSION = YES;
				CLANG_WARN_NON_LITERAL_NULL_CONVERSION = YES;
				CLANG_WARN_OBJC_IMPLICIT_RETAIN_SELF = YES;
				CLANG_WARN_OBJC_LITERAL_CONVERSION = YES;
				CLANG_WARN_OBJC_ROOT_CLASS = YES_ERROR;
				CLANG_WARN_RANGE_LOOP_ANALYSIS = YES;
				CLANG_WARN_STRICT_PROTOTYPES = YES;
				CLANG_WARN_SUSPICIOUS_MOVE = YES;
				CLANG_WARN_UNGUARDED_AVAILABILITY = YES_AGGRESSIVE;
				CLANG_WARN_UNREACHABLE_CODE = YES;
				CLANG_WARN__DUPLICATE_METHOD_MATCH = YES;
				CODE_SIGN_IDENTITY = "iPhone Developer";
				COPY_PHASE_STRIP = NO;
				DEBUG_INFORMATION_FORMAT = dwarf;
				ENABLE_STRICT_OBJC_MSGSEND = YES;
				ENABLE_TESTABILITY = YES;
				GCC_C_LANGUAGE_STANDARD = gnu11;
				GCC_DYNAMIC_NO_PIC = NO;
				GCC_NO_COMMON_BLOCKS = YES;
				GCC_OPTIMIZATION_LEVEL = 0;
				GCC_PREPROCESSOR_DEFINITIONS = (
					"DEBUG=1",
					"$(inherited)",
				);
				GCC_WARN_64_TO_32_BIT_CONVERSION = YES;
				GCC_WARN_ABOUT_RETURN_TYPE = YES_ERROR;
				GCC_WARN_UNDECLARED_SELECTOR = YES;
				GCC_WARN_UNINITIALIZED_AUTOS = YES_AGGRESSIVE;
				GCC_WARN_UNUSED_FUNCTION = YES;
				GCC_WARN_UNUSED_VARIABLE = YES;
				IPHONEOS_DEPLOYMENT_TARGET = 12.4;
				MTL_ENABLE_DEBUG_INFO = INCLUDE_SOURCE;
				MTL_FAST_MATH = YES;
				ONLY_ACTIVE_ARCH = YES;
				SDKROOT = iphoneos;
				SWIFT_ACTIVE_COMPILATION_CONDITIONS = DEBUG;
				SWIFT_OPTIMIZATION_LEVEL = "-Onone";
			};
			name = Debug;
		};
		9096759B2428519E001DA391 /* Release */ = {
			isa = XCBuildConfiguration;
			buildSettings = {
				ALWAYS_SEARCH_USER_PATHS = NO;
				CLANG_ANALYZER_NONNULL = YES;
				CLANG_ANALYZER_NUMBER_OBJECT_CONVERSION = YES_AGGRESSIVE;
				CLANG_CXX_LANGUAGE_STANDARD = "gnu++14";
				CLANG_CXX_LIBRARY = "libc++";
				CLANG_ENABLE_MODULES = YES;
				CLANG_ENABLE_OBJC_ARC = YES;
				CLANG_ENABLE_OBJC_WEAK = YES;
				CLANG_WARN_BLOCK_CAPTURE_AUTORELEASING = YES;
				CLANG_WARN_BOOL_CONVERSION = YES;
				CLANG_WARN_COMMA = YES;
				CLANG_WARN_CONSTANT_CONVERSION = YES;
				CLANG_WARN_DEPRECATED_OBJC_IMPLEMENTATIONS = YES;
				CLANG_WARN_DIRECT_OBJC_ISA_USAGE = YES_ERROR;
				CLANG_WARN_DOCUMENTATION_COMMENTS = YES;
				CLANG_WARN_EMPTY_BODY = YES;
				CLANG_WARN_ENUM_CONVERSION = YES;
				CLANG_WARN_INFINITE_RECURSION = YES;
				CLANG_WARN_INT_CONVERSION = YES;
				CLANG_WARN_NON_LITERAL_NULL_CONVERSION = YES;
				CLANG_WARN_OBJC_IMPLICIT_RETAIN_SELF = YES;
				CLANG_WARN_OBJC_LITERAL_CONVERSION = YES;
				CLANG_WARN_OBJC_ROOT_CLASS = YES_ERROR;
				CLANG_WARN_RANGE_LOOP_ANALYSIS = YES;
				CLANG_WARN_STRICT_PROTOTYPES = YES;
				CLANG_WARN_SUSPICIOUS_MOVE = YES;
				CLANG_WARN_UNGUARDED_AVAILABILITY = YES_AGGRESSIVE;
				CLANG_WARN_UNREACHABLE_CODE = YES;
				CLANG_WARN__DUPLICATE_METHOD_MATCH = YES;
				CODE_SIGN_IDENTITY = "iPhone Developer";
				COPY_PHASE_STRIP = NO;
				DEBUG_INFORMATION_FORMAT = "dwarf-with-dsym";
				ENABLE_NS_ASSERTIONS = NO;
				ENABLE_STRICT_OBJC_MSGSEND = YES;
				GCC_C_LANGUAGE_STANDARD = gnu11;
				GCC_NO_COMMON_BLOCKS = YES;
				GCC_WARN_64_TO_32_BIT_CONVERSION = YES;
				GCC_WARN_ABOUT_RETURN_TYPE = YES_ERROR;
				GCC_WARN_UNDECLARED_SELECTOR = YES;
				GCC_WARN_UNINITIALIZED_AUTOS = YES_AGGRESSIVE;
				GCC_WARN_UNUSED_FUNCTION = YES;
				GCC_WARN_UNUSED_VARIABLE = YES;
				IPHONEOS_DEPLOYMENT_TARGET = 12.4;
				MTL_ENABLE_DEBUG_INFO = NO;
				MTL_FAST_MATH = YES;
				SDKROOT = iphoneos;
				SWIFT_COMPILATION_MODE = wholemodule;
				SWIFT_OPTIMIZATION_LEVEL = "-O";
				VALIDATE_PRODUCT = YES;
			};
			name = Release;
		};
		9096759D2428519E001DA391 /* Debug */ = {
			isa = XCBuildConfiguration;
			baseConfigurationReference = D1C3D32F69D82CF68A38E3F8 /* Pods-eShop.debug.xcconfig */;
			buildSettings = {
				ASSETCATALOG_COMPILER_APPICON_NAME = AppIcon;
				CODE_SIGN_STYLE = Automatic;
				DEVELOPMENT_TEAM = Q3EJJ6M7CU;
				INFOPLIST_FILE = eShop/Info.plist;
				LD_RUNPATH_SEARCH_PATHS = (
					"$(inherited)",
					"@executable_path/Frameworks",
				);
				PRODUCT_BUNDLE_IDENTIFIER = com.XiApps.eShop;
				PRODUCT_NAME = "$(TARGET_NAME)";
				SWIFT_VERSION = 5.0;
				TARGETED_DEVICE_FAMILY = 1;
			};
			name = Debug;
		};
		9096759E2428519E001DA391 /* Release */ = {
			isa = XCBuildConfiguration;
			baseConfigurationReference = 19FE6E27E8B1E65A57384FB7 /* Pods-eShop.release.xcconfig */;
			buildSettings = {
				ASSETCATALOG_COMPILER_APPICON_NAME = AppIcon;
				CODE_SIGN_STYLE = Automatic;
				DEVELOPMENT_TEAM = Q3EJJ6M7CU;
				INFOPLIST_FILE = eShop/Info.plist;
				LD_RUNPATH_SEARCH_PATHS = (
					"$(inherited)",
					"@executable_path/Frameworks",
				);
				PRODUCT_BUNDLE_IDENTIFIER = com.XiApps.eShop;
				PRODUCT_NAME = "$(TARGET_NAME)";
				SWIFT_VERSION = 5.0;
				TARGETED_DEVICE_FAMILY = 1;
			};
			name = Release;
		};
		909675B3242852E0001DA391 /* Debug */ = {
			isa = XCBuildConfiguration;
			baseConfigurationReference = 448E79D70A9D4E464179FAFD /* Pods-eShopAdmin.debug.xcconfig */;
			buildSettings = {
				ASSETCATALOG_COMPILER_APPICON_NAME = AppIcon;
				CODE_SIGN_STYLE = Automatic;
				DEVELOPMENT_TEAM = Q3EJJ6M7CU;
				INFOPLIST_FILE = eShopAdmin/Info.plist;
				LD_RUNPATH_SEARCH_PATHS = (
					"$(inherited)",
					"@executable_path/Frameworks",
				);
				PRODUCT_BUNDLE_IDENTIFIER = com.XiApps.eShopAdmin;
				PRODUCT_NAME = "$(TARGET_NAME)";
				SWIFT_VERSION = 5.0;
				TARGETED_DEVICE_FAMILY = "1,2";
			};
			name = Debug;
		};
		909675B4242852E0001DA391 /* Release */ = {
			isa = XCBuildConfiguration;
			baseConfigurationReference = 8B48174190C3298C6813B2F9 /* Pods-eShopAdmin.release.xcconfig */;
			buildSettings = {
				ASSETCATALOG_COMPILER_APPICON_NAME = AppIcon;
				CODE_SIGN_STYLE = Automatic;
				DEVELOPMENT_TEAM = Q3EJJ6M7CU;
				INFOPLIST_FILE = eShopAdmin/Info.plist;
				LD_RUNPATH_SEARCH_PATHS = (
					"$(inherited)",
					"@executable_path/Frameworks",
				);
				PRODUCT_BUNDLE_IDENTIFIER = com.XiApps.eShopAdmin;
				PRODUCT_NAME = "$(TARGET_NAME)";
				SWIFT_VERSION = 5.0;
				TARGETED_DEVICE_FAMILY = "1,2";
			};
			name = Release;
		};
/* End XCBuildConfiguration section */

/* Begin XCConfigurationList section */
		909675852428519A001DA391 /* Build configuration list for PBXProject "eShop" */ = {
			isa = XCConfigurationList;
			buildConfigurations = (
				9096759A2428519E001DA391 /* Debug */,
				9096759B2428519E001DA391 /* Release */,
			);
			defaultConfigurationIsVisible = 0;
			defaultConfigurationName = Release;
		};
		9096759C2428519E001DA391 /* Build configuration list for PBXNativeTarget "eShop" */ = {
			isa = XCConfigurationList;
			buildConfigurations = (
				9096759D2428519E001DA391 /* Debug */,
				9096759E2428519E001DA391 /* Release */,
			);
			defaultConfigurationIsVisible = 0;
			defaultConfigurationName = Release;
		};
		909675B2242852E0001DA391 /* Build configuration list for PBXNativeTarget "eShopAdmin" */ = {
			isa = XCConfigurationList;
			buildConfigurations = (
				909675B3242852E0001DA391 /* Debug */,
				909675B4242852E0001DA391 /* Release */,
			);
			defaultConfigurationIsVisible = 0;
			defaultConfigurationName = Release;
		};
/* End XCConfigurationList section */
	};
	rootObject = 909675822428519A001DA391 /* Project object */;
}
